// !$*UTF8*$!
{
	archiveVersion = 1;
	classes = {
	};
	objectVersion = 46;
	objects = {

/* Begin PBXBuildFile section */
		6392627F13EC53B200B25E31 /* UIKit.framework in Frameworks */ = {isa = PBXBuildFile; fileRef = 6392627E13EC53B200B25E31 /* UIKit.framework */; };
		6392628113EC53B200B25E31 /* Foundation.framework in Frameworks */ = {isa = PBXBuildFile; fileRef = 6392628013EC53B200B25E31 /* Foundation.framework */; };
		6392628313EC53B200B25E31 /* CoreGraphics.framework in Frameworks */ = {isa = PBXBuildFile; fileRef = 6392628213EC53B200B25E31 /* CoreGraphics.framework */; };
		6392628913EC53B200B25E31 /* InfoPlist.strings in Resources */ = {isa = PBXBuildFile; fileRef = 6392628713EC53B200B25E31 /* InfoPlist.strings */; };
		6392628C13EC53B200B25E31 /* main.m in Sources */ = {isa = PBXBuildFile; fileRef = 6392628B13EC53B200B25E31 /* main.m */; };
		6392628F13EC53B300B25E31 /* NumbersTestAppDelegate.m in Sources */ = {isa = PBXBuildFile; fileRef = 6392628E13EC53B300B25E31 /* NumbersTestAppDelegate.m */; };
		6392629213EC53B300B25E31 /* MainWindow.xib in Resources */ = {isa = PBXBuildFile; fileRef = 6392629013EC53B300B25E31 /* MainWindow.xib */; };
		6392629513EC53B300B25E31 /* NumbersTestViewController.m in Sources */ = {isa = PBXBuildFile; fileRef = 6392629413EC53B300B25E31 /* NumbersTestViewController.m */; };
		6392629813EC53B300B25E31 /* NumbersTestViewController.xib in Resources */ = {isa = PBXBuildFile; fileRef = 6392629613EC53B300B25E31 /* NumbersTestViewController.xib */; };
/* End PBXBuildFile section */

/* Begin PBXFileReference section */
		6392627A13EC53B200B25E31 /* NumbersTest.app */ = {isa = PBXFileReference; explicitFileType = wrapper.application; includeInIndex = 0; path = NumbersTest.app; sourceTree = BUILT_PRODUCTS_DIR; };
		6392627E13EC53B200B25E31 /* UIKit.framework */ = {isa = PBXFileReference; lastKnownFileType = wrapper.framework; name = UIKit.framework; path = System/Library/Frameworks/UIKit.framework; sourceTree = SDKROOT; };
		6392628013EC53B200B25E31 /* Foundation.framework */ = {isa = PBXFileReference; lastKnownFileType = wrapper.framework; name = Foundation.framework; path = System/Library/Frameworks/Foundation.framework; sourceTree = SDKROOT; };
		6392628213EC53B200B25E31 /* CoreGraphics.framework */ = {isa = PBXFileReference; lastKnownFileType = wrapper.framework; name = CoreGraphics.framework; path = System/Library/Frameworks/CoreGraphics.framework; sourceTree = SDKROOT; };
		6392628613EC53B200B25E31 /* NumbersTest-Info.plist */ = {isa = PBXFileReference; path = "NumbersTest-Info.plist"; sourceTree = "<group>"; };
		6392628813EC53B200B25E31 /* en */ = {isa = PBXFileReference; lastKnownFileType = text.plist.strings; name = en; path = en.lproj/InfoPlist.strings; sourceTree = "<group>"; };
		6392628A13EC53B200B25E31 /* NumbersTest-Prefix.pch */ = {isa = PBXFileReference; path = "NumbersTest-Prefix.pch"; sourceTree = "<group>"; };
		6392628B13EC53B200B25E31 /* main.m */ = {isa = PBXFileReference; lastKnownFileType = sourcecode.c.objc; path = main.m; sourceTree = "<group>"; };
		6392628D13EC53B300B25E31 /* NumbersTestAppDelegate.h */ = {isa = PBXFileReference; path = NumbersTestAppDelegate.h; sourceTree = "<group>"; };
		6392628E13EC53B300B25E31 /* NumbersTestAppDelegate.m */ = {isa = PBXFileReference; lastKnownFileType = sourcecode.c.objc; path = NumbersTestAppDelegate.m; sourceTree = "<group>"; };
		6392629113EC53B300B25E31 /* en */ = {isa = PBXFileReference; lastKnownFileType = file.xib; name = en; path = en.lproj/MainWindow.xib; sourceTree = "<group>"; };
		6392629313EC53B300B25E31 /* NumbersTestViewController.h */ = {isa = PBXFileReference; path = NumbersTestViewController.h; sourceTree = "<group>"; };
		6392629413EC53B300B25E31 /* NumbersTestViewController.m */ = {isa = PBXFileReference; lastKnownFileType = sourcecode.c.objc; path = NumbersTestViewController.m; sourceTree = "<group>"; };
		6392629713EC53B300B25E31 /* en */ = {isa = PBXFileReference; lastKnownFileType = file.xib; name = en; path = en.lproj/NumbersTestViewController.xib; sourceTree = "<group>"; };
/* End PBXFileReference section */

/* Begin PBXFrameworksBuildPhase section */
		6392627713EC53B200B25E31 /* Frameworks */ = {
			isa = PBXFrameworksBuildPhase;
			buildActionMask = 2147483647;
			files = (
				6392627F13EC53B200B25E31 /* UIKit.framework in Frameworks */,
				6392628113EC53B200B25E31 /* Foundation.framework in Frameworks */,
				6392628313EC53B200B25E31 /* CoreGraphics.framework in Frameworks */,
			);
			runOnlyForDeploymentPostprocessing = 0;
		};
/* End PBXFrameworksBuildPhase section */

/* Begin PBXGroup section */
		6392626F13EC53B200B25E31 = {
			isa = PBXGroup;
			children = (
				6392628413EC53B200B25E31 /* NumbersTest */,
				6392627D13EC53B200B25E31 /* Frameworks */,
				6392627B13EC53B200B25E31 /* Products */,
			);
			sourceTree = "<group>";
		};
		6392627B13EC53B200B25E31 /* Products */ = {
			isa = PBXGroup;
			children = (
				6392627A13EC53B200B25E31 /* NumbersTest.app */,
			);
			name = Products;
			sourceTree = "<group>";
		};
		6392627D13EC53B200B25E31 /* Frameworks */ = {
			isa = PBXGroup;
			children = (
				6392627E13EC53B200B25E31 /* UIKit.framework */,
				6392628013EC53B200B25E31 /* Foundation.framework */,
				6392628213EC53B200B25E31 /* CoreGraphics.framework */,
			);
			name = Frameworks;
			sourceTree = "<group>";
		};
		6392628413EC53B200B25E31 /* NumbersTest */ = {
			isa = PBXGroup;
			children = (
				6392628D13EC53B300B25E31 /* NumbersTestAppDelegate.h */,
				6392628E13EC53B300B25E31 /* NumbersTestAppDelegate.m */,
				6392629013EC53B300B25E31 /* MainWindow.xib */,
				6392629313EC53B300B25E31 /* NumbersTestViewController.h */,
				6392629413EC53B300B25E31 /* NumbersTestViewController.m */,
				6392629613EC53B300B25E31 /* NumbersTestViewController.xib */,
				6392628513EC53B200B25E31 /* Supporting Files */,
			);
			path = NumbersTest;
			sourceTree = "<group>";
		};
		6392628513EC53B200B25E31 /* Supporting Files */ = {
			isa = PBXGroup;
			children = (
				6392628613EC53B200B25E31 /* NumbersTest-Info.plist */,
				6392628713EC53B200B25E31 /* InfoPlist.strings */,
				6392628A13EC53B200B25E31 /* NumbersTest-Prefix.pch */,
				6392628B13EC53B200B25E31 /* main.m */,
			);
			name = "Supporting Files";
			sourceTree = "<group>";
		};
/* End PBXGroup section */

/* Begin PBXNativeTarget section */
		6392627913EC53B200B25E31 /* NumbersTest */ = {
			isa = PBXNativeTarget;
			buildConfigurationList = 6392629B13EC53B300B25E31 /* Build configuration list for PBXNativeTarget "NumbersTest" */;
			buildPhases = (
				6392627613EC53B200B25E31 /* Sources */,
				6392627713EC53B200B25E31 /* Frameworks */,
				6392627813EC53B200B25E31 /* Resources */,
			);
			buildRules = (
			);
			dependencies = (
			);
			name = NumbersTest;
			productName = NumbersTest;
			productReference = 6392627A13EC53B200B25E31 /* NumbersTest.app */;
			productType = "com.apple.product-type.application";
		};
/* End PBXNativeTarget section */

/* Begin PBXProject section */
		6392627113EC53B200B25E31 /* Project object */ = {
			isa = PBXProject;
			attributes = {
				ORGANIZATIONNAME = "Sustainable Harvest";
			};
			buildConfigurationList = 6392627413EC53B200B25E31 /* Build configuration list for PBXProject "NumbersTest" */;
			compatibilityVersion = "Xcode 3.2";
			developmentRegion = English;
			hasScannedForEncodings = 0;
			knownRegions = (
				en,
			);
			mainGroup = 6392626F13EC53B200B25E31;
			productRefGroup = 6392627B13EC53B200B25E31 /* Products */;
			projectDirPath = "";
			projectRoot = "";
			targets = (
				6392627913EC53B200B25E31 /* NumbersTest */,
			);
		};
/* End PBXProject section */

/* Begin PBXResourcesBuildPhase section */
		6392627813EC53B200B25E31 /* Resources */ = {
			isa = PBXResourcesBuildPhase;
			buildActionMask = 2147483647;
			files = (
				6392628913EC53B200B25E31 /* InfoPlist.strings in Resources */,
				6392629213EC53B300B25E31 /* MainWindow.xib in Resources */,
				6392629813EC53B300B25E31 /* NumbersTestViewController.xib in Resources */,
			);
			runOnlyForDeploymentPostprocessing = 0;
		};
/* End PBXResourcesBuildPhase section */

/* Begin PBXSourcesBuildPhase section */
		6392627613EC53B200B25E31 /* Sources */ = {
			isa = PBXSourcesBuildPhase;
			buildActionMask = 2147483647;
			files = (
				6392628C13EC53B200B25E31 /* main.m in Sources */,
				6392628F13EC53B300B25E31 /* NumbersTestAppDelegate.m in Sources */,
				6392629513EC53B300B25E31 /* NumbersTestViewController.m in Sources */,
			);
			runOnlyForDeploymentPostprocessing = 0;
		};
/* End PBXSourcesBuildPhase section */

/* Begin PBXVariantGroup section */
		6392628713EC53B200B25E31 /* InfoPlist.strings */ = {
			isa = PBXVariantGroup;
			children = (
				6392628813EC53B200B25E31 /* en */,
			);
			name = InfoPlist.strings;
			sourceTree = "<group>";
		};
		6392629013EC53B300B25E31 /* MainWindow.xib */ = {
			isa = PBXVariantGroup;
			children = (
				6392629113EC53B300B25E31 /* en */,
			);
			name = MainWindow.xib;
			sourceTree = "<group>";
		};
		6392629613EC53B300B25E31 /* NumbersTestViewController.xib */ = {
			isa = PBXVariantGroup;
			children = (
				6392629713EC53B300B25E31 /* en */,
			);
			name = NumbersTestViewController.xib;
			sourceTree = "<group>";
		};
/* End PBXVariantGroup section */

/* Begin XCBuildConfiguration section */
		6392629913EC53B300B25E31 /* Debug */ = {
			isa = XCBuildConfiguration;
			buildSettings = {
				ARCHS = "$(ARCHS_STANDARD_32_BIT)";
				"CODE_SIGN_IDENTITY[sdk=iphoneos*]" = "iPhone Developer";
				GCC_C_LANGUAGE_STANDARD = gnu99;
				GCC_OPTIMIZATION_LEVEL = 0;
				GCC_PREPROCESSOR_DEFINITIONS = DEBUG;
				GCC_SYMBOLS_PRIVATE_EXTERN = NO;
				GCC_VERSION = com.apple.compilers.llvmgcc42;
				GCC_WARN_ABOUT_RETURN_TYPE = YES;
				GCC_WARN_UNUSED_VARIABLE = YES;
				IPHONEOS_DEPLOYMENT_TARGET = 4.3;
				SDKROOT = iphoneos;
			};
			name = Debug;
		};
		6392629A13EC53B300B25E31 /* Release */ = {
			isa = XCBuildConfiguration;
			buildSettings = {
				ARCHS = "$(ARCHS_STANDARD_32_BIT)";
				"CODE_SIGN_IDENTITY[sdk=iphoneos*]" = "iPhone Developer";
				GCC_C_LANGUAGE_STANDARD = gnu99;
				GCC_VERSION = com.apple.compilers.llvmgcc42;
				GCC_WARN_ABOUT_RETURN_TYPE = YES;
				GCC_WARN_UNUSED_VARIABLE = YES;
				IPHONEOS_DEPLOYMENT_TARGET = 4.3;
				OTHER_CFLAGS = "-DNS_BLOCK_ASSERTIONS=1";
				SDKROOT = iphoneos;
			};
			name = Release;
		};
		6392629C13EC53B300B25E31 /* Debug */ = {
			isa = XCBuildConfiguration;
			buildSettings = {
				ALWAYS_SEARCH_USER_PATHS = NO;
				COPY_PHASE_STRIP = NO;
				GCC_DYNAMIC_NO_PIC = NO;
				GCC_PRECOMPILE_PREFIX_HEADER = YES;
				GCC_PREFIX_HEADER = "NumbersTest/NumbersTest-Prefix.pch";
				INFOPLIST_FILE = "NumbersTest/NumbersTest-Info.plist";
				PRODUCT_NAME = "$(TARGET_NAME)";
				WRAPPER_EXTENSION = app;
			};
			name = Debug;
		};
		6392629D13EC53B300B25E31 /* Release */ = {
			isa = XCBuildConfiguration;
			buildSettings = {
				ALWAYS_SEARCH_USER_PATHS = NO;
				COPY_PHASE_STRIP = YES;
				GCC_PRECOMPILE_PREFIX_HEADER = YES;
				GCC_PREFIX_HEADER = "NumbersTest/NumbersTest-Prefix.pch";
				INFOPLIST_FILE = "NumbersTest/NumbersTest-Info.plist";
				PRODUCT_NAME = "$(TARGET_NAME)";
				VALIDATE_PRODUCT = YES;
				WRAPPER_EXTENSION = app;
			};
			name = Release;
		};
/* End XCBuildConfiguration section */

/* Begin XCConfigurationList section */
		6392627413EC53B200B25E31 /* Build configuration list for PBXProject "NumbersTest" */ = {
			isa = XCConfigurationList;
			buildConfigurations = (
				6392629913EC53B300B25E31 /* Debug */,
				6392629A13EC53B300B25E31 /* Release */,
			);
			defaultConfigurationIsVisible = 0;
			defaultConfigurationName = Release;
		};
		6392629B13EC53B300B25E31 /* Build configuration list for PBXNativeTarget "NumbersTest" */ = {
			isa = XCConfigurationList;
			buildConfigurations = (
				6392629C13EC53B300B25E31 /* Debug */,
				6392629D13EC53B300B25E31 /* Release */,
			);
			defaultConfigurationIsVisible = 0;
		};
/* End XCConfigurationList section */
	};
	rootObject = 6392627113EC53B200B25E31 /* Project object */;
}
